
Microsoft Visual Studio Solution File, Format Version 12.00
# Visual Studio Version 17
VisualStudioVersion = 17.12.35527.113
MinimumVisualStudioVersion = 10.0.40219.1
Project("{FAE04EC0-301F-11D3-BF4B-00C04F79EFBC}") = "ParkingManagementReport", "ParkingManagementReport\ParkingManagementReport.csproj", "{C3E2C339-AD95-49E8-899E-34B76072E41A}"
EndProject
Project("{54435603-DBB4-11D2-8724-00A0C9A8B90C}") = "SetupReportThanapoom", "SetupReportThanapoom\SetupReportThanapoom.vdproj", "{BE990ABE-EAC2-4DC4-AB27-F2BC64B2ABA0}"
EndProject
Global
	GlobalSection(SolutionConfigurationPlatforms) = preSolution
		CD_ROM|Any CPU = CD_ROM|Any CPU
		Debug|Any CPU = Debug|Any CPU
		DVD-5|Any CPU = DVD-5|Any CPU
		Release|Any CPU = Release|Any CPU
		SingleImage|Any CPU = SingleImage|Any CPU
	EndGlobalSection
	GlobalSection(ProjectConfigurationPlatforms) = postSolution
		{C3E2C339-AD95-49E8-899E-34B76072E41A}.CD_ROM|Any CPU.ActiveCfg = Release|Any CPU
		{C3E2C339-AD95-49E8-899E-34B76072E41A}.CD_ROM|Any CPU.Build.0 = Release|Any CPU
		{C3E2C339-AD95-49E8-899E-34B76072E41A}.Debug|Any CPU.ActiveCfg = Debug|Any CPU
		{C3E2C339-AD95-49E8-899E-34B76072E41A}.Debug|Any CPU.Build.0 = Debug|Any CPU
		{C3E2C339-AD95-49E8-899E-34B76072E41A}.DVD-5|Any CPU.ActiveCfg = Debug|Any CPU
		{C3E2C339-AD95-49E8-899E-34B76072E41A}.DVD-5|Any CPU.Build.0 = Debug|Any CPU
		{C3E2C339-AD95-49E8-899E-34B76072E41A}.Release|Any CPU.ActiveCfg = Release|Any CPU
		{C3E2C339-AD95-49E8-899E-34B76072E41A}.Release|Any CPU.Build.0 = Release|Any CPU
		{C3E2C339-AD95-49E8-899E-34B76072E41A}.SingleImage|Any CPU.ActiveCfg = Release|Any CPU
		{C3E2C339-AD95-49E8-899E-34B76072E41A}.SingleImage|Any CPU.Build.0 = Release|Any CPU
		{BE990ABE-EAC2-4DC4-AB27-F2BC64B2ABA0}.CD_ROM|Any CPU.ActiveCfg = Debug
		{BE990ABE-EAC2-4DC4-AB27-F2BC64B2ABA0}.Debug|Any CPU.ActiveCfg = Debug
		{BE990ABE-EAC2-4DC4-AB27-F2BC64B2ABA0}.DVD-5|Any CPU.ActiveCfg = Debug
		{BE990ABE-EAC2-4DC4-AB27-F2BC64B2ABA0}.Release|Any CPU.ActiveCfg = Release
		{BE990ABE-EAC2-4DC4-AB27-F2BC64B2ABA0}.SingleImage|Any CPU.ActiveCfg = Debug
	EndGlobalSection
	GlobalSection(SolutionProperties) = preSolution
		HideSolutionNode = FALSE
	EndGlobalSection
	GlobalSection(ExtensibilityGlobals) = postSolution
		SolutionGuid = {7E6CE85D-AE90-4B6E-B346-6203CA6F4654}
	EndGlobalSection
EndGlobal
